
Microsoft Visual Studio Solution File, Format Version 12.00
# Visual Studio Version 17
VisualStudioVersion = 17.5.33530.505
MinimumVisualStudioVersion = 10.0.40219.1
Project("{FAE04EC0-301F-11D3-BF4B-00C04F79EFBC}") = "remote", "remote\remote.csproj", "{C42E94FE-5C64-4799-86E3-41F7AE3402CE}"
EndProject
Project("{FAE04EC0-301F-11D3-BF4B-00C04F79EFBC}") = "RCEventArgsLib", "RCEventArgsLib\RCEventArgsLib.csproj", "{28A6B2B2-4268-4899-A2F7-15D42C533306}"
EndProject
Project("{FAE04EC0-301F-11D3-BF4B-00C04F79EFBC}") = "ImgSendRecLib", "ImgSendRecLib\ImgSendRecLib.csproj", "{94B985AB-5F15-4E80-A796-A2F962F6F07D}"
EndProject
Project("{FAE04EC0-301F-11D3-BF4B-00C04F79EFBC}") = "ImageSendServer", "ImageSendServer\ImageSendServer.csproj", "{8B3F11FB-13CF-4F50-B22E-C551254E37C0}"
EndProject
Project("{FAE04EC0-301F-11D3-BF4B-00C04F79EFBC}") = "ImageCaptureTransmissionApp", "ImageCaptureTransmissionApp\ImageCaptureTransmissionApp.csproj", "{53CA4F6B-5738-46B1-9E2C-ED9EFC3AC1DB}"
EndProject
Global
	GlobalSection(SolutionConfigurationPlatforms) = preSolution
		Debug|Any CPU = Debug|Any CPU
		Release|Any CPU = Release|Any CPU
	EndGlobalSection
	GlobalSection(ProjectConfigurationPlatforms) = postSolution
		{C42E94FE-5C64-4799-86E3-41F7AE3402CE}.Debug|Any CPU.ActiveCfg = Debug|Any CPU
		{C42E94FE-5C64-4799-86E3-41F7AE3402CE}.Debug|Any CPU.Build.0 = Debug|Any CPU
		{C42E94FE-5C64-4799-86E3-41F7AE3402CE}.Release|Any CPU.ActiveCfg = Release|Any CPU
		{C42E94FE-5C64-4799-86E3-41F7AE3402CE}.Release|Any CPU.Build.0 = Release|Any CPU
		{28A6B2B2-4268-4899-A2F7-15D42C533306}.Debug|Any CPU.ActiveCfg = Debug|Any CPU
		{28A6B2B2-4268-4899-A2F7-15D42C533306}.Debug|Any CPU.Build.0 = Debug|Any CPU
		{28A6B2B2-4268-4899-A2F7-15D42C533306}.Release|Any CPU.ActiveCfg = Release|Any CPU
		{28A6B2B2-4268-4899-A2F7-15D42C533306}.Release|Any CPU.Build.0 = Release|Any CPU
		{94B985AB-5F15-4E80-A796-A2F962F6F07D}.Debug|Any CPU.ActiveCfg = Debug|Any CPU
		{94B985AB-5F15-4E80-A796-A2F962F6F07D}.Debug|Any CPU.Build.0 = Debug|Any CPU
		{94B985AB-5F15-4E80-A796-A2F962F6F07D}.Release|Any CPU.ActiveCfg = Release|Any CPU
		{94B985AB-5F15-4E80-A796-A2F962F6F07D}.Release|Any CPU.Build.0 = Release|Any CPU
		{8B3F11FB-13CF-4F50-B22E-C551254E37C0}.Debug|Any CPU.ActiveCfg = Debug|Any CPU
		{8B3F11FB-13CF-4F50-B22E-C551254E37C0}.Debug|Any CPU.Build.0 = Debug|Any CPU
		{8B3F11FB-13CF-4F50-B22E-C551254E37C0}.Release|Any CPU.ActiveCfg = Release|Any CPU
		{8B3F11FB-13CF-4F50-B22E-C551254E37C0}.Release|Any CPU.Build.0 = Release|Any CPU
		{53CA4F6B-5738-46B1-9E2C-ED9EFC3AC1DB}.Debug|Any CPU.ActiveCfg = Debug|Any CPU
		{53CA4F6B-5738-46B1-9E2C-ED9EFC3AC1DB}.Debug|Any CPU.Build.0 = Debug|Any CPU
		{53CA4F6B-5738-46B1-9E2C-ED9EFC3AC1DB}.Release|Any CPU.ActiveCfg = Release|Any CPU
		{53CA4F6B-5738-46B1-9E2C-ED9EFC3AC1DB}.Release|Any CPU.Build.0 = Release|Any CPU
	EndGlobalSection
	GlobalSection(SolutionProperties) = preSolution
		HideSolutionNode = FALSE
	EndGlobalSection
	GlobalSection(ExtensibilityGlobals) = postSolution
		SolutionGuid = {65B71C7B-2544-4B3D-8E46-B2479D7C3E3D}
	EndGlobalSection
EndGlobal
